
Microsoft Visual Studio Solution File, Format Version 12.00
# Visual Studio Version 17
VisualStudioVersion = 17.10.35013.160
MinimumVisualStudioVersion = 10.0.40219.1
Project("{FAE04EC0-301F-11D3-BF4B-00C04F79EFBC}") = "HRMS_Application", "HRMS_Application.csproj", "{BB55D58B-8C5F-4966-A06A-377B83703DFC}"
EndProject
Global
	GlobalSection(SolutionConfigurationPlatforms) = preSolution
		Debug|Any CPU = Debug|Any CPU
		Release|Any CPU = Release|Any CPU
	EndGlobalSection
	GlobalSection(ProjectConfigurationPlatforms) = postSolution
		{BB55D58B-8C5F-4966-A06A-377B83703DFC}.Debug|Any CPU.ActiveCfg = Debug|Any CPU
		{BB55D58B-8C5F-4966-A06A-377B83703DFC}.Debug|Any CPU.Build.0 = Debug|Any CPU
		{BB55D58B-8C5F-4966-A06A-377B83703DFC}.Release|Any CPU.ActiveCfg = Release|Any CPU
		{BB55D58B-8C5F-4966-A06A-377B83703DFC}.Release|Any CPU.Build.0 = Release|Any CPU
	EndGlobalSection
	GlobalSection(SolutionProperties) = preSolution
		HideSolutionNode = FALSE
	EndGlobalSection
	GlobalSection(ExtensibilityGlobals) = postSolution
		SolutionGuid = {79F4A4FE-8333-454F-9C1F-5653435F7F02}
	EndGlobalSection
EndGlobal
